
Microsoft Visual Studio Solution File, Format Version 12.00
# Visual Studio Version 17
VisualStudioVersion = 17.6.33815.320
MinimumVisualStudioVersion = 10.0.40219.1
Project("{FAE04EC0-301F-11D3-BF4B-00C04F79EFBC}") = "simpleCulculator", "simpleCulculator\simpleCulculator.csproj", "{7811D63C-D6EB-441D-A7C1-DC901C5CECF7}"
EndProject
Global
	GlobalSection(SolutionConfigurationPlatforms) = preSolution
		Debug|Any CPU = Debug|Any CPU
		Release|Any CPU = Release|Any CPU
	EndGlobalSection
	GlobalSection(ProjectConfigurationPlatforms) = postSolution
		{7811D63C-D6EB-441D-A7C1-DC901C5CECF7}.Debug|Any CPU.ActiveCfg = Debug|Any CPU
		{7811D63C-D6EB-441D-A7C1-DC901C5CECF7}.Debug|Any CPU.Build.0 = Debug|Any CPU
		{7811D63C-D6EB-441D-A7C1-DC901C5CECF7}.Release|Any CPU.ActiveCfg = Release|Any CPU
		{7811D63C-D6EB-441D-A7C1-DC901C5CECF7}.Release|Any CPU.Build.0 = Release|Any CPU
	EndGlobalSection
	GlobalSection(SolutionProperties) = preSolution
		HideSolutionNode = FALSE
	EndGlobalSection
	GlobalSection(ExtensibilityGlobals) = postSolution
		SolutionGuid = {4980C4B8-C20B-4DA4-938F-824EF762E590}
	EndGlobalSection
EndGlobal
